
Microsoft Visual Studio Solution File, Format Version 12.00
# Visual Studio Version 17
VisualStudioVersion = 17.4.33103.184
MinimumVisualStudioVersion = 10.0.40219.1
Project("{888888A0-9F3D-457C-B088-3A5042F75D52}") = "generate_includes", "generate_includes\generate_includes.pyproj", "{67EAD163-A885-4DD1-88B0-2314ADE8535D}"
EndProject
Global
	GlobalSection(SolutionConfigurationPlatforms) = preSolution
		Debug|Any CPU = Debug|Any CPU
		Release|Any CPU = Release|Any CPU
	EndGlobalSection
	GlobalSection(ProjectConfigurationPlatforms) = postSolution
		{67EAD163-A885-4DD1-88B0-2314ADE8535D}.Debug|Any CPU.ActiveCfg = Debug|Any CPU
		{67EAD163-A885-4DD1-88B0-2314ADE8535D}.Release|Any CPU.ActiveCfg = Release|Any CPU
	EndGlobalSection
	GlobalSection(SolutionProperties) = preSolution
		HideSolutionNode = FALSE
	EndGlobalSection
	GlobalSection(ExtensibilityGlobals) = postSolution
		SolutionGuid = {A520AF57-13C8-49E0-A0B8-DE60BD31ADFF}
	EndGlobalSection
EndGlobal
